{
  "name": "mcp-devbox-opencode-e2e-runtime",
  "version": "1.0.0",
  "lockfileVersion": 3,
  "requires": true,
  "packages": {
    "": {
      "name": "mcp-devbox-opencode-e2e-runtime",
      "version": "1.0.0",
      "dependencies": {
        "opencode-ai": "1.18.1"
      }
    },
    "node_modules/opencode-ai": {
      "version": "1.18.1",
      "resolved": "https://registry.npmjs.org/opencode-ai/-/opencode-ai-1.18.1.tgz",
      "integrity": "sha512-Rtp0fCJyu3Iz0MXfwQeAYdYjIsSPPUWYyJO0mf0Q9v5zTNYxlakzXUh+Van50XAmEDAhCaJvCcOJzweq2k3HMQ==",
      "cpu": [
        "arm64",
        "x64"
      ],
      "hasInstallScript": true,
      "license": "MIT",
      "os": [
        "darwin",
        "linux",
        "win32"
      ],
      "bin": {
        "opencode": "bin/opencode.exe"
      },
      "optionalDependencies": {
        "opencode-darwin-arm64": "1.18.1",
        "opencode-darwin-x64": "1.18.1",
        "opencode-darwin-x64-baseline": "1.18.1",
        "opencode-linux-arm64": "1.18.1",
        "opencode-linux-arm64-musl": "1.18.1",
        "opencode-linux-x64": "1.18.1",
        "opencode-linux-x64-baseline": "1.18.1",
        "opencode-linux-x64-baseline-musl": "1.18.1",
        "opencode-linux-x64-musl": "1.18.1",
        "opencode-windows-arm64": "1.18.1",
        "opencode-windows-x64": "1.18.1",
        "opencode-windows-x64-baseline": "1.18.1"
      }
    },
    "node_modules/opencode-darwin-arm64": {
      "version": "1.18.1",
      "resolved": "https://registry.npmjs.org/opencode-darwin-arm64/-/opencode-darwin-arm64-1.18.1.tgz",
      "integrity": "sha512-txjS9ErYTQLQHcG51CiOtQt+1NWI4pr/6B5KBiLC6PGbrJmzKNP3vwvNi+R1Yh1i5/7w/ThrW2OTykZ2lnVFOQ==",
      "cpu": [
        "arm64"
      ],
      "optional": true,
      "os": [
        "darwin"
      ]
    },
    "node_modules/opencode-darwin-x64": {
      "version": "1.18.1",
      "resolved": "https://registry.npmjs.org/opencode-darwin-x64/-/opencode-darwin-x64-1.18.1.tgz",
      "integrity": "sha512-p2XAir4l7zgyU6y1z9PhyZF/jcuabuHQI48FUUsaGFn2kT+/3N9Li3Ddf0M3vwYS3x/6+iL8TrpU1P6tDQcOYQ==",
      "cpu": [
        "x64"
      ],
      "optional": true,
      "os": [
        "darwin"
      ]
    },
    "node_modules/opencode-darwin-x64-baseline": {
      "version": "1.18.1",
      "resolved": "https://registry.npmjs.org/opencode-darwin-x64-baseline/-/opencode-darwin-x64-baseline-1.18.1.tgz",
      "integrity": "sha512-mMOaTRPqlb18JK+7TN6HvYBejB1DYIaVthUF7VvPMSdoZsxJEvc4ckIfW8MU9g4V3ZpVNmIzvB31iUE4x5QJ/A==",
      "cpu": [
        "x64"
      ],
      "optional": true,
      "os": [
        "darwin"
      ]
    },
    "node_modules/opencode-linux-arm64": {
      "version": "1.18.1",
      "resolved": "https://registry.npmjs.org/opencode-linux-arm64/-/opencode-linux-arm64-1.18.1.tgz",
      "integrity": "sha512-CYN8tlexH4TC/SH1vJdLRFr0Qc059BwDYPcM8dvTXnydTbSI95jlFUMpIRuTNfNHy9UC0SJI39ZwUmqZ6hEQWw==",
      "cpu": [
        "arm64"
      ],
      "optional": true,
      "os": [
        "linux"
      ]
    },
    "node_modules/opencode-linux-arm64-musl": {
      "version": "1.18.1",
      "resolved": "https://registry.npmjs.org/opencode-linux-arm64-musl/-/opencode-linux-arm64-musl-1.18.1.tgz",
      "integrity": "sha512-bgqNqXfosjAjMv91uZJ/ZRJr1ImkWSo0i7oonJW9X/hGzmgfRCw3plGSxoRW9PQr6iC9s3vanRcvikTZfKfOkg==",
      "cpu": [
        "arm64"
      ],
      "libc": [
        "musl"
      ],
      "optional": true,
      "os": [
        "linux"
      ]
    },
    "node_modules/opencode-linux-x64": {
      "version": "1.18.1",
      "resolved": "https://registry.npmjs.org/opencode-linux-x64/-/opencode-linux-x64-1.18.1.tgz",
      "integrity": "sha512-6OqBNhQHlJejNBdT5OBrXyLwAWRwc3zmEMYKKavWu3M7RpcuO044YdrW68ZsieU/r9hWZc8Jb1sNHub4kGdDDw==",
      "cpu": [
        "x64"
      ],
      "optional": true,
      "os": [
        "linux"
      ]
    },
    "node_modules/opencode-linux-x64-baseline": {
      "version": "1.18.1",
      "resolved": "https://registry.npmjs.org/opencode-linux-x64-baseline/-/opencode-linux-x64-baseline-1.18.1.tgz",
      "integrity": "sha512-Zg8pqKdGCZyrtnC9+mhHbtYIFY83CO9Uld1plDcY0RObeSq9OA/OLAJF4GK+jiN483eAwZMNM+LPja2UXcDV8A==",
      "cpu": [
        "x64"
      ],
      "optional": true,
      "os": [
        "linux"
      ]
    },
    "node_modules/opencode-linux-x64-baseline-musl": {
      "version": "1.18.1",
      "resolved": "https://registry.npmjs.org/opencode-linux-x64-baseline-musl/-/opencode-linux-x64-baseline-musl-1.18.1.tgz",
      "integrity": "sha512-tPYT6Z9rCgh3R00ODd7f7a87G4YRbhRwSRzVLSu3Rp8Llpsn+5b1EwcxS17jobk0KsmPZeV9jqhAQ8pSAFv9Uw==",
      "cpu": [
        "x64"
      ],
      "libc": [
        "musl"
      ],
      "optional": true,
      "os": [
        "linux"
      ]
    },
    "node_modules/opencode-linux-x64-musl": {
      "version": "1.18.1",
      "resolved": "https://registry.npmjs.org/opencode-linux-x64-musl/-/opencode-linux-x64-musl-1.18.1.tgz",
      "integrity": "sha512-PS+KA95P+xxSKZOLREAnIodelSkoAHs8QKE2HUPkxfoz2A4rkKA6qtTGRUZcqFr2fq2VSzHpj/q2DubzoVOkzA==",
      "cpu": [
        "x64"
      ],
      "libc": [
        "musl"
      ],
      "optional": true,
      "os": [
        "linux"
      ]
    },
    "node_modules/opencode-windows-arm64": {
      "version": "1.18.1",
      "resolved": "https://registry.npmjs.org/opencode-windows-arm64/-/opencode-windows-arm64-1.18.1.tgz",
      "integrity": "sha512-2lP3kJ7tjU72sxPRskIQffK99U2aoNSLT1zgjeUB8dw0UJ9qExYb/AAN/AH3BuQE5CWQxSFCi4oqNpZGJQOMGw==",
      "cpu": [
        "arm64"
      ],
      "optional": true,
      "os": [
        "win32"
      ]
    },
    "node_modules/opencode-windows-x64": {
      "version": "1.18.1",
      "resolved": "https://registry.npmjs.org/opencode-windows-x64/-/opencode-windows-x64-1.18.1.tgz",
      "integrity": "sha512-IPxREsJasxeU6Oz84UOETR0n6LT72kUJz58D70OkzBW0lz0fv7yf3E3P14vhr08fzQxE8zH7iBvW7yV/Jnp+kg==",
      "cpu": [
        "x64"
      ],
      "optional": true,
      "os": [
        "win32"
      ]
    },
    "node_modules/opencode-windows-x64-baseline": {
      "version": "1.18.1",
      "resolved": "https://registry.npmjs.org/opencode-windows-x64-baseline/-/opencode-windows-x64-baseline-1.18.1.tgz",
      "integrity": "sha512-8vQMmLDGPr8LVJFh6SaHWSOQLHaVccMRNAPnR/T0g/34lIOsGKPRjgXFwOj0oM+pAdqkgQy2xmJxAwGoflqdkw==",
      "cpu": [
        "x64"
      ],
      "optional": true,
      "os": [
        "win32"
      ]
    }
  }
}
